{
  "name": "age-calculator",
  "version": "1.0.0",
  "lockfileVersion": 3,
  "requires": true,
  "packages": {
    "": {
      "name": "age-calculator",
      "version": "1.0.0",
      "license": "ISC",
      "dependencies": {
        "js-datepicker": "^5.18.3",
        "luxon": "^3.5.0"
      }
    },
    "node_modules/js-datepicker": {
      "version": "5.18.3",
      "resolved": "https://registry.npmjs.org/js-datepicker/-/js-datepicker-5.18.3.tgz",
      "integrity": "sha512-M1+UKeRkLT0p04JhnSpNugveFSfy6VfEeNTyAyFef6unKIqQx4oQqx66lsBi0FRKHb4HtQsmJ8V4L4SPj1lbRQ=="
    },
    "node_modules/luxon": {
      "version": "3.5.0",
      "resolved": "https://registry.npmjs.org/luxon/-/luxon-3.5.0.tgz",
      "integrity": "sha512-rh+Zjr6DNfUYR3bPwJEnuwDdqMbxZW7LOQfUN4B54+Cl+0o5zaU9RJ6bcidfDtC1cWCZXQ+nvX8bf6bAji37QQ==",
      "engines": {
        "node": ">=12"
      }
    }
  }
}
